
Microsoft Visual Studio Solution File, Format Version 12.00
# Visual Studio Version 16
VisualStudioVersion = 16.0.29215.179
MinimumVisualStudioVersion = 10.0.40219.1
Project("{FAE04EC0-301F-11D3-BF4B-00C04F79EFBC}") = "BackupSplitterCD", "BackupSplitterCD.csproj", "{49A44D5C-AEDD-41EF-8E0C-D9FCE2AE865C}"
EndProject
Global
	GlobalSection(SolutionConfigurationPlatforms) = preSolution
		Debug|Any CPU = Debug|Any CPU
		Release|Any CPU = Release|Any CPU
	EndGlobalSection
	GlobalSection(ProjectConfigurationPlatforms) = postSolution
		{49A44D5C-AEDD-41EF-8E0C-D9FCE2AE865C}.Debug|Any CPU.ActiveCfg = Debug|Any CPU
		{49A44D5C-AEDD-41EF-8E0C-D9FCE2AE865C}.Debug|Any CPU.Build.0 = Debug|Any CPU
		{49A44D5C-AEDD-41EF-8E0C-D9FCE2AE865C}.Release|Any CPU.ActiveCfg = Release|Any CPU
		{49A44D5C-AEDD-41EF-8E0C-D9FCE2AE865C}.Release|Any CPU.Build.0 = Release|Any CPU
	EndGlobalSection
	GlobalSection(SolutionProperties) = preSolution
		HideSolutionNode = FALSE
	EndGlobalSection
	GlobalSection(ExtensibilityGlobals) = postSolution
		SolutionGuid = {51D1406C-E668-413E-A3D0-FBB7AA85AE4C}
	EndGlobalSection
EndGlobal
